
Microsoft Visual Studio Solution File, Format Version 12.00
# Visual Studio Version 16
VisualStudioVersion = 16.0.31321.278
MinimumVisualStudioVersion = 10.0.40219.1
Project("{FAE04EC0-301F-11D3-BF4B-00C04F79EFBC}") = "BA_13_C_sharp", "BA_13_C_sharp.csproj", "{1E2F4608-BD2B-4208-BE8F-CED638905DEA}"
EndProject
Global
	GlobalSection(SolutionConfigurationPlatforms) = preSolution
		Debug|Any CPU = Debug|Any CPU
		Release|Any CPU = Release|Any CPU
	EndGlobalSection
	GlobalSection(ProjectConfigurationPlatforms) = postSolution
		{1E2F4608-BD2B-4208-BE8F-CED638905DEA}.Debug|Any CPU.ActiveCfg = Debug|Any CPU
		{1E2F4608-BD2B-4208-BE8F-CED638905DEA}.Debug|Any CPU.Build.0 = Debug|Any CPU
		{1E2F4608-BD2B-4208-BE8F-CED638905DEA}.Release|Any CPU.ActiveCfg = Release|Any CPU
		{1E2F4608-BD2B-4208-BE8F-CED638905DEA}.Release|Any CPU.Build.0 = Release|Any CPU
	EndGlobalSection
	GlobalSection(SolutionProperties) = preSolution
		HideSolutionNode = FALSE
	EndGlobalSection
	GlobalSection(ExtensibilityGlobals) = postSolution
		SolutionGuid = {4BBBC1DB-6315-4D35-89EB-F9A049DBF4FC}
	EndGlobalSection
EndGlobal
